// !$*UTF8*$!
{
	archiveVersion = 1;
	classes = {
	};
	objectVersion = 46;
	objects = {

/* Begin PBXBuildFile section */
		E8DA3DEC1EB791A900EE9CB2 /* AppDelegate.swift in Sources */ = {isa = PBXBuildFile; fileRef = E8DA3DEB1EB791A900EE9CB2 /* AppDelegate.swift */; };
		E8DA3DF31EB791A900EE9CB2 /* Main.storyboard in Resources */ = {isa = PBXBuildFile; fileRef = E8DA3DF11EB791A900EE9CB2 /* Main.storyboard */; };
		E8DA3DF51EB791A900EE9CB2 /* Assets.xcassets in Resources */ = {isa = PBXBuildFile; fileRef = E8DA3DF41EB791A900EE9CB2 /* Assets.xcassets */; };
		E8DA3DF81EB791A900EE9CB2 /* LaunchScreen.storyboard in Resources */ = {isa = PBXBuildFile; fileRef = E8DA3DF61EB791A900EE9CB2 /* LaunchScreen.storyboard */; };
		E8DA3E001EB7935D00EE9CB2 /* SearchVC.swift in Sources */ = {isa = PBXBuildFile; fileRef = E8DA3DFF1EB7935D00EE9CB2 /* SearchVC.swift */; };
		E8DA3E021EB793C900EE9CB2 /* SavedVC.swift in Sources */ = {isa = PBXBuildFile; fileRef = E8DA3E011EB793C900EE9CB2 /* SavedVC.swift */; };
		E8DA3E041EB7942200EE9CB2 /* BookingsVC.swift in Sources */ = {isa = PBXBuildFile; fileRef = E8DA3E031EB7942200EE9CB2 /* BookingsVC.swift */; };
		E8DA3E061EB7949100EE9CB2 /* MessagesVC.swift in Sources */ = {isa = PBXBuildFile; fileRef = E8DA3E051EB7949100EE9CB2 /* MessagesVC.swift */; };
		E8DA3E081EB794E600EE9CB2 /* ProfileVC.swift in Sources */ = {isa = PBXBuildFile; fileRef = E8DA3E071EB794E600EE9CB2 /* ProfileVC.swift */; };
		E8DA3E0C1EB79DDD00EE9CB2 /* DataItem.swift in Sources */ = {isa = PBXBuildFile; fileRef = E8DA3E0B1EB79DDD00EE9CB2 /* DataItem.swift */; };
		E8DA3E0E1EB79E5800EE9CB2 /* DataItemCell.swift in Sources */ = {isa = PBXBuildFile; fileRef = E8DA3E0D1EB79E5800EE9CB2 /* DataItemCell.swift */; };
/* End PBXBuildFile section */

/* Begin PBXFileReference section */
		E8DA3DE81EB791A900EE9CB2 /* Expa Guides.app */ = {isa = PBXFileReference; explicitFileType = wrapper.application; includeInIndex = 0; path = "Expa Guides.app"; sourceTree = BUILT_PRODUCTS_DIR; };
		E8DA3DEB1EB791A900EE9CB2 /* AppDelegate.swift */ = {isa = PBXFileReference; lastKnownFileType = sourcecode.swift; path = AppDelegate.swift; sourceTree = "<group>"; };
		E8DA3DF21EB791A900EE9CB2 /* Base */ = {isa = PBXFileReference; lastKnownFileType = file.storyboard; name = Base; path = Base.lproj/Main.storyboard; sourceTree = "<group>"; };
		E8DA3DF41EB791A900EE9CB2 /* Assets.xcassets */ = {isa = PBXFileReference; lastKnownFileType = folder.assetcatalog; path = Assets.xcassets; sourceTree = "<group>"; };
		E8DA3DF71EB791A900EE9CB2 /* Base */ = {isa = PBXFileReference; lastKnownFileType = file.storyboard; name = Base; path = Base.lproj/LaunchScreen.storyboard; sourceTree = "<group>"; };
		E8DA3DF91EB791A900EE9CB2 /* Info.plist */ = {isa = PBXFileReference; lastKnownFileType = text.plist.xml; path = Info.plist; sourceTree = "<group>"; };
		E8DA3DFF1EB7935D00EE9CB2 /* SearchVC.swift */ = {isa = PBXFileReference; fileEncoding = 4; lastKnownFileType = sourcecode.swift; name = SearchVC.swift; path = ../SearchVC.swift; sourceTree = "<group>"; };
		E8DA3E011EB793C900EE9CB2 /* SavedVC.swift */ = {isa = PBXFileReference; fileEncoding = 4; lastKnownFileType = sourcecode.swift; path = SavedVC.swift; sourceTree = "<group>"; };
		E8DA3E031EB7942200EE9CB2 /* BookingsVC.swift */ = {isa = PBXFileReference; fileEncoding = 4; lastKnownFileType = sourcecode.swift; path = BookingsVC.swift; sourceTree = "<group>"; };
		E8DA3E051EB7949100EE9CB2 /* MessagesVC.swift */ = {isa = PBXFileReference; fileEncoding = 4; lastKnownFileType = sourcecode.swift; path = MessagesVC.swift; sourceTree = "<group>"; };
		E8DA3E071EB794E600EE9CB2 /* ProfileVC.swift */ = {isa = PBXFileReference; fileEncoding = 4; lastKnownFileType = sourcecode.swift; path = ProfileVC.swift; sourceTree = "<group>"; };
		E8DA3E0B1EB79DDD00EE9CB2 /* DataItem.swift */ = {isa = PBXFileReference; fileEncoding = 4; lastKnownFileType = sourcecode.swift; path = DataItem.swift; sourceTree = "<group>"; };
		E8DA3E0D1EB79E5800EE9CB2 /* DataItemCell.swift */ = {isa = PBXFileReference; fileEncoding = 4; lastKnownFileType = sourcecode.swift; path = DataItemCell.swift; sourceTree = "<group>"; };
/* End PBXFileReference section */

/* Begin PBXFrameworksBuildPhase section */
		E8DA3DE51EB791A900EE9CB2 /* Frameworks */ = {
			isa = PBXFrameworksBuildPhase;
			buildActionMask = 2147483647;
			files = (
			);
			runOnlyForDeploymentPostprocessing = 0;
		};
/* End PBXFrameworksBuildPhase section */

/* Begin PBXGroup section */
		E8DA3DDF1EB791A900EE9CB2 = {
			isa = PBXGroup;
			children = (
				E8DA3DEA1EB791A900EE9CB2 /* Expa Guides */,
				E8DA3DE91EB791A900EE9CB2 /* Products */,
			);
			sourceTree = "<group>";
		};
		E8DA3DE91EB791A900EE9CB2 /* Products */ = {
			isa = PBXGroup;
			children = (
				E8DA3DE81EB791A900EE9CB2 /* Expa Guides.app */,
			);
			name = Products;
			sourceTree = "<group>";
		};
		E8DA3DEA1EB791A900EE9CB2 /* Expa Guides */ = {
			isa = PBXGroup;
			children = (
				E8DA3DEB1EB791A900EE9CB2 /* AppDelegate.swift */,
				E8DA3E0A1EB7951900EE9CB2 /* View Controllers */,
				E8DA3E0F1EB7AF9400EE9CB2 /* Search DataItem */,
				E8DA3DF11EB791A900EE9CB2 /* Main.storyboard */,
				E8DA3DF61EB791A900EE9CB2 /* LaunchScreen.storyboard */,
				E8DA3DF41EB791A900EE9CB2 /* Assets.xcassets */,
				E8DA3DF91EB791A900EE9CB2 /* Info.plist */,
			);
			path = "Expa Guides";
			sourceTree = "<group>";
		};
		E8DA3E0A1EB7951900EE9CB2 /* View Controllers */ = {
			isa = PBXGroup;
			children = (
				E8DA3DFF1EB7935D00EE9CB2 /* SearchVC.swift */,
				E8DA3E011EB793C900EE9CB2 /* SavedVC.swift */,
				E8DA3E031EB7942200EE9CB2 /* BookingsVC.swift */,
				E8DA3E051EB7949100EE9CB2 /* MessagesVC.swift */,
				E8DA3E071EB794E600EE9CB2 /* ProfileVC.swift */,
			);
			name = "View Controllers";
			sourceTree = "<group>";
		};
		E8DA3E0F1EB7AF9400EE9CB2 /* Search DataItem */ = {
			isa = PBXGroup;
			children = (
				E8DA3E0D1EB79E5800EE9CB2 /* DataItemCell.swift */,
				E8DA3E0B1EB79DDD00EE9CB2 /* DataItem.swift */,
			);
			name = "Search DataItem";
			sourceTree = "<group>";
		};
/* End PBXGroup section */

/* Begin PBXNativeTarget section */
		E8DA3DE71EB791A900EE9CB2 /* Expa Guides */ = {
			isa = PBXNativeTarget;
			buildConfigurationList = E8DA3DFC1EB791A900EE9CB2 /* Build configuration list for PBXNativeTarget "Expa Guides" */;
			buildPhases = (
				E8DA3DE41EB791A900EE9CB2 /* Sources */,
				E8DA3DE51EB791A900EE9CB2 /* Frameworks */,
				E8DA3DE61EB791A900EE9CB2 /* Resources */,
			);
			buildRules = (
			);
			dependencies = (
			);
			name = "Expa Guides";
			productName = "Expa Guides";
			productReference = E8DA3DE81EB791A900EE9CB2 /* Expa Guides.app */;
			productType = "com.apple.product-type.application";
		};
/* End PBXNativeTarget section */

/* Begin PBXProject section */
		E8DA3DE01EB791A900EE9CB2 /* Project object */ = {
			isa = PBXProject;
			attributes = {
				LastSwiftUpdateCheck = 0830;
				LastUpgradeCheck = 0830;
				ORGANIZATIONNAME = "Quintin Gunter";
				TargetAttributes = {
					E8DA3DE71EB791A900EE9CB2 = {
						CreatedOnToolsVersion = 8.3.2;
						DevelopmentTeam = 35YT2A3NRR;
						ProvisioningStyle = Automatic;
					};
				};
			};
			buildConfigurationList = E8DA3DE31EB791A900EE9CB2 /* Build configuration list for PBXProject "Expa Guides" */;
			compatibilityVersion = "Xcode 3.2";
			developmentRegion = English;
			hasScannedForEncodings = 0;
			knownRegions = (
				en,
				Base,
			);
			mainGroup = E8DA3DDF1EB791A900EE9CB2;
			productRefGroup = E8DA3DE91EB791A900EE9CB2 /* Products */;
			projectDirPath = "";
			projectRoot = "";
			targets = (
				E8DA3DE71EB791A900EE9CB2 /* Expa Guides */,
			);
		};
/* End PBXProject section */

/* Begin PBXResourcesBuildPhase section */
		E8DA3DE61EB791A900EE9CB2 /* Resources */ = {
			isa = PBXResourcesBuildPhase;
			buildActionMask = 2147483647;
			files = (
				E8DA3DF81EB791A900EE9CB2 /* LaunchScreen.storyboard in Resources */,
				E8DA3DF51EB791A900EE9CB2 /* Assets.xcassets in Resources */,
				E8DA3DF31EB791A900EE9CB2 /* Main.storyboard in Resources */,
			);
			runOnlyForDeploymentPostprocessing = 0;
		};
/* End PBXResourcesBuildPhase section */

/* Begin PBXSourcesBuildPhase section */
		E8DA3DE41EB791A900EE9CB2 /* Sources */ = {
			isa = PBXSourcesBuildPhase;
			buildActionMask = 2147483647;
			files = (
				E8DA3E081EB794E600EE9CB2 /* ProfileVC.swift in Sources */,
				E8DA3E0C1EB79DDD00EE9CB2 /* DataItem.swift in Sources */,
				E8DA3E041EB7942200EE9CB2 /* BookingsVC.swift in Sources */,
				E8DA3E001EB7935D00EE9CB2 /* SearchVC.swift in Sources */,
				E8DA3E021EB793C900EE9CB2 /* SavedVC.swift in Sources */,
				E8DA3E061EB7949100EE9CB2 /* MessagesVC.swift in Sources */,
				E8DA3E0E1EB79E5800EE9CB2 /* DataItemCell.swift in Sources */,
				E8DA3DEC1EB791A900EE9CB2 /* AppDelegate.swift in Sources */,
			);
			runOnlyForDeploymentPostprocessing = 0;
		};
/* End PBXSourcesBuildPhase section */

/* Begin PBXVariantGroup section */
		E8DA3DF11EB791A900EE9CB2 /* Main.storyboard */ = {
			isa = PBXVariantGroup;
			children = (
				E8DA3DF21EB791A900EE9CB2 /* Base */,
			);
			name = Main.storyboard;
			sourceTree = "<group>";
		};
		E8DA3DF61EB791A900EE9CB2 /* LaunchScreen.storyboard */ = {
			isa = PBXVariantGroup;
			children = (
				E8DA3DF71EB791A900EE9CB2 /* Base */,
			);
			name = LaunchScreen.storyboard;
			sourceTree = "<group>";
		};
/* End PBXVariantGroup section */

/* Begin XCBuildConfiguration section */
		E8DA3DFA1EB791A900EE9CB2 /* Debug */ = {
			isa = XCBuildConfiguration;
			buildSettings = {
				ALWAYS_SEARCH_USER_PATHS = NO;
				CLANG_ANALYZER_NONNULL = YES;
				CLANG_ANALYZER_NUMBER_OBJECT_CONVERSION = YES_AGGRESSIVE;
				CLANG_CXX_LANGUAGE_STANDARD = "gnu++0x";
				CLANG_CXX_LIBRARY = "libc++";
				CLANG_ENABLE_MODULES = YES;
				CLANG_ENABLE_OBJC_ARC = YES;
				CLANG_WARN_BOOL_CONVERSION = YES;
				CLANG_WARN_CONSTANT_CONVERSION = YES;
				CLANG_WARN_DIRECT_OBJC_ISA_USAGE = YES_ERROR;
				CLANG_WARN_DOCUMENTATION_COMMENTS = YES;
				CLANG_WARN_EMPTY_BODY = YES;
				CLANG_WARN_ENUM_CONVERSION = YES;
				CLANG_WARN_INFINITE_RECURSION = YES;
				CLANG_WARN_INT_CONVERSION = YES;
				CLANG_WARN_OBJC_ROOT_CLASS = YES_ERROR;
				CLANG_WARN_SUSPICIOUS_MOVE = YES;
				CLANG_WARN_UNREACHABLE_CODE = YES;
				CLANG_WARN__DUPLICATE_METHOD_MATCH = YES;
				"CODE_SIGN_IDENTITY[sdk=iphoneos*]" = "iPhone Developer";
				COPY_PHASE_STRIP = NO;
				DEBUG_INFORMATION_FORMAT = dwarf;
				ENABLE_STRICT_OBJC_MSGSEND = YES;
				ENABLE_TESTABILITY = YES;
				GCC_C_LANGUAGE_STANDARD = gnu99;
				GCC_DYNAMIC_NO_PIC = NO;
				GCC_NO_COMMON_BLOCKS = YES;
				GCC_OPTIMIZATION_LEVEL = 0;
				GCC_PREPROCESSOR_DEFINITIONS = (
					"DEBUG=1",
					"$(inherited)",
				);
				GCC_WARN_64_TO_32_BIT_CONVERSION = YES;
				GCC_WARN_ABOUT_RETURN_TYPE = YES_ERROR;
				GCC_WARN_UNDECLARED_SELECTOR = YES;
				GCC_WARN_UNINITIALIZED_AUTOS = YES_AGGRESSIVE;
				GCC_WARN_UNUSED_FUNCTION = YES;
				GCC_WARN_UNUSED_VARIABLE = YES;
				IPHONEOS_DEPLOYMENT_TARGET = 10.3;
				MTL_ENABLE_DEBUG_INFO = YES;
				ONLY_ACTIVE_ARCH = YES;
				SDKROOT = iphoneos;
				SWIFT_ACTIVE_COMPILATION_CONDITIONS = DEBUG;
				SWIFT_OPTIMIZATION_LEVEL = "-Onone";
				TARGETED_DEVICE_FAMILY = "1,2";
			};
			name = Debug;
		};
		E8DA3DFB1EB791A900EE9CB2 /* Release */ = {
			isa = XCBuildConfiguration;
			buildSettings = {
				ALWAYS_SEARCH_USER_PATHS = NO;
				CLANG_ANALYZER_NONNULL = YES;
				CLANG_ANALYZER_NUMBER_OBJECT_CONVERSION = YES_AGGRESSIVE;
				CLANG_CXX_LANGUAGE_STANDARD = "gnu++0x";
				CLANG_CXX_LIBRARY = "libc++";
				CLANG_ENABLE_MODULES = YES;
				CLANG_ENABLE_OBJC_ARC = YES;
				CLANG_WARN_BOOL_CONVERSION = YES;
				CLANG_WARN_CONSTANT_CONVERSION = YES;
				CLANG_WARN_DIRECT_OBJC_ISA_USAGE = YES_ERROR;
				CLANG_WARN_DOCUMENTATION_COMMENTS = YES;
				CLANG_WARN_EMPTY_BODY = YES;
				CLANG_WARN_ENUM_CONVERSION = YES;
				CLANG_WARN_INFINITE_RECURSION = YES;
				CLANG_WARN_INT_CONVERSION = YES;
				CLANG_WARN_OBJC_ROOT_CLASS = YES_ERROR;
				CLANG_WARN_SUSPICIOUS_MOVE = YES;
				CLANG_WARN_UNREACHABLE_CODE = YES;
				CLANG_WARN__DUPLICATE_METHOD_MATCH = YES;
				"CODE_SIGN_IDENTITY[sdk=iphoneos*]" = "iPhone Developer";
				COPY_PHASE_STRIP = NO;
				DEBUG_INFORMATION_FORMAT = "dwarf-with-dsym";
				ENABLE_NS_ASSERTIONS = NO;
				ENABLE_STRICT_OBJC_MSGSEND = YES;
				GCC_C_LANGUAGE_STANDARD = gnu99;
				GCC_NO_COMMON_BLOCKS = YES;
				GCC_WARN_64_TO_32_BIT_CONVERSION = YES;
				GCC_WARN_ABOUT_RETURN_TYPE = YES_ERROR;
				GCC_WARN_UNDECLARED_SELECTOR = YES;
				GCC_WARN_UNINITIALIZED_AUTOS = YES_AGGRESSIVE;
				GCC_WARN_UNUSED_FUNCTION = YES;
				GCC_WARN_UNUSED_VARIABLE = YES;
				IPHONEOS_DEPLOYMENT_TARGET = 10.3;
				MTL_ENABLE_DEBUG_INFO = NO;
				SDKROOT = iphoneos;
				SWIFT_OPTIMIZATION_LEVEL = "-Owholemodule";
				TARGETED_DEVICE_FAMILY = "1,2";
				VALIDATE_PRODUCT = YES;
			};
			name = Release;
		};
		E8DA3DFD1EB791A900EE9CB2 /* Debug */ = {
			isa = XCBuildConfiguration;
			buildSettings = {
				ASSETCATALOG_COMPILER_APPICON_NAME = AppIcon;
				DEVELOPMENT_TEAM = 35YT2A3NRR;
				INFOPLIST_FILE = "Expa Guides/Info.plist";
				LD_RUNPATH_SEARCH_PATHS = "$(inherited) @executable_path/Frameworks";
				PRODUCT_BUNDLE_IDENTIFIER = "com.quintin.Expa-Guides";
				PRODUCT_NAME = "$(TARGET_NAME)";
				SWIFT_VERSION = 3.0;
			};
			name = Debug;
		};
		E8DA3DFE1EB791A900EE9CB2 /* Release */ = {
			isa = XCBuildConfiguration;
			buildSettings = {
				ASSETCATALOG_COMPILER_APPICON_NAME = AppIcon;
				DEVELOPMENT_TEAM = 35YT2A3NRR;
				INFOPLIST_FILE = "Expa Guides/Info.plist";
				LD_RUNPATH_SEARCH_PATHS = "$(inherited) @executable_path/Frameworks";
				PRODUCT_BUNDLE_IDENTIFIER = "com.quintin.Expa-Guides";
				PRODUCT_NAME = "$(TARGET_NAME)";
				SWIFT_VERSION = 3.0;
			};
			name = Release;
		};
/* End XCBuildConfiguration section */

/* Begin XCConfigurationList section */
		E8DA3DE31EB791A900EE9CB2 /* Build configuration list for PBXProject "Expa Guides" */ = {
			isa = XCConfigurationList;
			buildConfigurations = (
				E8DA3DFA1EB791A900EE9CB2 /* Debug */,
				E8DA3DFB1EB791A900EE9CB2 /* Release */,
			);
			defaultConfigurationIsVisible = 0;
			defaultConfigurationName = Release;
		};
		E8DA3DFC1EB791A900EE9CB2 /* Build configuration list for PBXNativeTarget "Expa Guides" */ = {
			isa = XCConfigurationList;
			buildConfigurations = (
				E8DA3DFD1EB791A900EE9CB2 /* Debug */,
				E8DA3DFE1EB791A900EE9CB2 /* Release */,
			);
			defaultConfigurationIsVisible = 0;
		};
/* End XCConfigurationList section */
	};
	rootObject = E8DA3DE01EB791A900EE9CB2 /* Project object */;
}
